
Microsoft Visual Studio Solution File, Format Version 12.00
# Visual Studio Version 17
VisualStudioVersion = 17.2.32616.157
MinimumVisualStudioVersion = 10.0.40219.1
Project("{FAE04EC0-301F-11D3-BF4B-00C04F79EFBC}") = "kiss-ws-bridge", "kiss-ws-bridge.csproj", "{3B3A4B45-1475-43A9-9E9D-89BC3CB9A7F2}"
EndProject
Global
	GlobalSection(SolutionConfigurationPlatforms) = preSolution
		Debug|Any CPU = Debug|Any CPU
		Release|Any CPU = Release|Any CPU
	EndGlobalSection
	GlobalSection(ProjectConfigurationPlatforms) = postSolution
		{3B3A4B45-1475-43A9-9E9D-89BC3CB9A7F2}.Debug|Any CPU.ActiveCfg = Debug|Any CPU
		{3B3A4B45-1475-43A9-9E9D-89BC3CB9A7F2}.Debug|Any CPU.Build.0 = Debug|Any CPU
		{3B3A4B45-1475-43A9-9E9D-89BC3CB9A7F2}.Release|Any CPU.ActiveCfg = Release|Any CPU
		{3B3A4B45-1475-43A9-9E9D-89BC3CB9A7F2}.Release|Any CPU.Build.0 = Release|Any CPU
	EndGlobalSection
	GlobalSection(SolutionProperties) = preSolution
		HideSolutionNode = FALSE
	EndGlobalSection
	GlobalSection(ExtensibilityGlobals) = postSolution
		SolutionGuid = {A6B3E3AB-BD42-4BE9-A78D-11416CF5C5F1}
	EndGlobalSection
EndGlobal
